// !$*UTF8*$!
{
	archiveVersion = 1;
	classes = {
	};
	objectVersion = 56;
	objects = {

/* Begin PBXBuildFile section */
		513EA5CF2C012CC70071EBE7 /* MaargMitraApp.swift in Sources */ = {isa = PBXBuildFile; fileRef = 513EA5CE2C012CC70071EBE7 /* MaargMitraApp.swift */; };
		513EA5D12C012CC70071EBE7 /* ContentView.swift in Sources */ = {isa = PBXBuildFile; fileRef = 513EA5D02C012CC70071EBE7 /* ContentView.swift */; };
		513EA5D62C012CC80071EBE7 /* Preview Assets.xcassets in Resources */ = {isa = PBXBuildFile; fileRef = 513EA5D52C012CC80071EBE7 /* Preview Assets.xcassets */; };
		513EA5DD2C012E4A0071EBE7 /* Assets.xcassets in Resources */ = {isa = PBXBuildFile; fileRef = 513EA5DC2C012E4A0071EBE7 /* Assets.xcassets */; };
		513EA5E32C01300E0071EBE7 /* Location.swift in Sources */ = {isa = PBXBuildFile; fileRef = 513EA5E22C01300E0071EBE7 /* Location.swift */; };
		513EA5E62C01316A0071EBE7 /* LocationsDataService.swift in Sources */ = {isa = PBXBuildFile; fileRef = 513EA5E52C01316A0071EBE7 /* LocationsDataService.swift */; };
		513EA5E82C0132EB0071EBE7 /* LocationView.swift in Sources */ = {isa = PBXBuildFile; fileRef = 513EA5E72C0132EB0071EBE7 /* LocationView.swift */; };
		513EA5EA2C0138080071EBE7 /* LocationsViewModel.swift in Sources */ = {isa = PBXBuildFile; fileRef = 513EA5E92C0138080071EBE7 /* LocationsViewModel.swift */; };
		51EE2D522C01F68400836C24 /* LocationListView.swift in Sources */ = {isa = PBXBuildFile; fileRef = 51EE2D512C01F68400836C24 /* LocationListView.swift */; };
		51EE2D542C0205F800836C24 /* LocationPreviewView.swift in Sources */ = {isa = PBXBuildFile; fileRef = 51EE2D532C0205F800836C24 /* LocationPreviewView.swift */; };
		51EE2D562C024DB400836C24 /* LocationMapAnnotationView.swift in Sources */ = {isa = PBXBuildFile; fileRef = 51EE2D552C024DB400836C24 /* LocationMapAnnotationView.swift */; };
		51EE2D582C02537200836C24 /* LocationDetailView.swift in Sources */ = {isa = PBXBuildFile; fileRef = 51EE2D572C02537200836C24 /* LocationDetailView.swift */; };
		51EE2D5B2C02696F00836C24 /* Launch Screen.storyboard in Resources */ = {isa = PBXBuildFile; fileRef = 51EE2D5A2C02696F00836C24 /* Launch Screen.storyboard */; };
/* End PBXBuildFile section */

/* Begin PBXFileReference section */
		513EA5CB2C012CC70071EBE7 /* MaargMitra.app */ = {isa = PBXFileReference; explicitFileType = wrapper.application; includeInIndex = 0; path = MaargMitra.app; sourceTree = BUILT_PRODUCTS_DIR; };
		513EA5CE2C012CC70071EBE7 /* MaargMitraApp.swift */ = {isa = PBXFileReference; lastKnownFileType = sourcecode.swift; path = MaargMitraApp.swift; sourceTree = "<group>"; };
		513EA5D02C012CC70071EBE7 /* ContentView.swift */ = {isa = PBXFileReference; lastKnownFileType = sourcecode.swift; path = ContentView.swift; sourceTree = "<group>"; };
		513EA5D52C012CC80071EBE7 /* Preview Assets.xcassets */ = {isa = PBXFileReference; lastKnownFileType = folder.assetcatalog; path = "Preview Assets.xcassets"; sourceTree = "<group>"; };
		513EA5DC2C012E4A0071EBE7 /* Assets.xcassets */ = {isa = PBXFileReference; lastKnownFileType = folder.assetcatalog; path = Assets.xcassets; sourceTree = "<group>"; };
		513EA5E22C01300E0071EBE7 /* Location.swift */ = {isa = PBXFileReference; lastKnownFileType = sourcecode.swift; path = Location.swift; sourceTree = "<group>"; };
		513EA5E52C01316A0071EBE7 /* LocationsDataService.swift */ = {isa = PBXFileReference; fileEncoding = 4; lastKnownFileType = sourcecode.swift; path = LocationsDataService.swift; sourceTree = "<group>"; };
		513EA5E72C0132EB0071EBE7 /* LocationView.swift */ = {isa = PBXFileReference; lastKnownFileType = sourcecode.swift; path = LocationView.swift; sourceTree = "<group>"; };
		513EA5E92C0138080071EBE7 /* LocationsViewModel.swift */ = {isa = PBXFileReference; lastKnownFileType = sourcecode.swift; path = LocationsViewModel.swift; sourceTree = "<group>"; };
		51EE2D512C01F68400836C24 /* LocationListView.swift */ = {isa = PBXFileReference; lastKnownFileType = sourcecode.swift; path = LocationListView.swift; sourceTree = "<group>"; };
		51EE2D532C0205F800836C24 /* LocationPreviewView.swift */ = {isa = PBXFileReference; lastKnownFileType = sourcecode.swift; path = LocationPreviewView.swift; sourceTree = "<group>"; };
		51EE2D552C024DB400836C24 /* LocationMapAnnotationView.swift */ = {isa = PBXFileReference; lastKnownFileType = sourcecode.swift; path = LocationMapAnnotationView.swift; sourceTree = "<group>"; };
		51EE2D572C02537200836C24 /* LocationDetailView.swift */ = {isa = PBXFileReference; lastKnownFileType = sourcecode.swift; path = LocationDetailView.swift; sourceTree = "<group>"; };
		51EE2D592C02693C00836C24 /* Info.plist */ = {isa = PBXFileReference; lastKnownFileType = text.plist; path = Info.plist; sourceTree = "<group>"; };
		51EE2D5A2C02696F00836C24 /* Launch Screen.storyboard */ = {isa = PBXFileReference; lastKnownFileType = file.storyboard; path = "Launch Screen.storyboard"; sourceTree = "<group>"; };
/* End PBXFileReference section */

/* Begin PBXFrameworksBuildPhase section */
		513EA5C82C012CC70071EBE7 /* Frameworks */ = {
			isa = PBXFrameworksBuildPhase;
			buildActionMask = 2147483647;
			files = (
			);
			runOnlyForDeploymentPostprocessing = 0;
		};
/* End PBXFrameworksBuildPhase section */

/* Begin PBXGroup section */
		513EA5C22C012CC70071EBE7 = {
			isa = PBXGroup;
			children = (
				51EE2D5A2C02696F00836C24 /* Launch Screen.storyboard */,
				513EA5CD2C012CC70071EBE7 /* MaargMitra */,
				513EA5CC2C012CC70071EBE7 /* Products */,
			);
			sourceTree = "<group>";
		};
		513EA5CC2C012CC70071EBE7 /* Products */ = {
			isa = PBXGroup;
			children = (
				513EA5CB2C012CC70071EBE7 /* MaargMitra.app */,
			);
			name = Products;
			sourceTree = "<group>";
		};
		513EA5CD2C012CC70071EBE7 /* MaargMitra */ = {
			isa = PBXGroup;
			children = (
				51EE2D592C02693C00836C24 /* Info.plist */,
				513EA5CE2C012CC70071EBE7 /* MaargMitraApp.swift */,
				513EA5D02C012CC70071EBE7 /* ContentView.swift */,
				513EA5E42C01312E0071EBE7 /* DataServices */,
				513EA5DF2C012F890071EBE7 /* Views */,
				513EA5E12C012FA60071EBE7 /* ViewModels */,
				513EA5DE2C012F7E0071EBE7 /* Models */,
				513EA5DC2C012E4A0071EBE7 /* Assets.xcassets */,
				513EA5D42C012CC80071EBE7 /* Preview Content */,
			);
			path = MaargMitra;
			sourceTree = "<group>";
		};
		513EA5D42C012CC80071EBE7 /* Preview Content */ = {
			isa = PBXGroup;
			children = (
				513EA5D52C012CC80071EBE7 /* Preview Assets.xcassets */,
			);
			path = "Preview Content";
			sourceTree = "<group>";
		};
		513EA5DE2C012F7E0071EBE7 /* Models */ = {
			isa = PBXGroup;
			children = (
				513EA5E22C01300E0071EBE7 /* Location.swift */,
			);
			path = Models;
			sourceTree = "<group>";
		};
		513EA5DF2C012F890071EBE7 /* Views */ = {
			isa = PBXGroup;
			children = (
				513EA5E72C0132EB0071EBE7 /* LocationView.swift */,
				51EE2D512C01F68400836C24 /* LocationListView.swift */,
				51EE2D532C0205F800836C24 /* LocationPreviewView.swift */,
				51EE2D552C024DB400836C24 /* LocationMapAnnotationView.swift */,
				51EE2D572C02537200836C24 /* LocationDetailView.swift */,
			);
			path = Views;
			sourceTree = "<group>";
		};
		513EA5E12C012FA60071EBE7 /* ViewModels */ = {
			isa = PBXGroup;
			children = (
				513EA5E92C0138080071EBE7 /* LocationsViewModel.swift */,
			);
			path = ViewModels;
			sourceTree = "<group>";
		};
		513EA5E42C01312E0071EBE7 /* DataServices */ = {
			isa = PBXGroup;
			children = (
				513EA5E52C01316A0071EBE7 /* LocationsDataService.swift */,
			);
			path = DataServices;
			sourceTree = "<group>";
		};
/* End PBXGroup section */

/* Begin PBXNativeTarget section */
		513EA5CA2C012CC70071EBE7 /* MaargMitra */ = {
			isa = PBXNativeTarget;
			buildConfigurationList = 513EA5D92C012CC80071EBE7 /* Build configuration list for PBXNativeTarget "MaargMitra" */;
			buildPhases = (
				513EA5C72C012CC70071EBE7 /* Sources */,
				513EA5C82C012CC70071EBE7 /* Frameworks */,
				513EA5C92C012CC70071EBE7 /* Resources */,
			);
			buildRules = (
			);
			dependencies = (
			);
			name = MaargMitra;
			productName = MaargMitra;
			productReference = 513EA5CB2C012CC70071EBE7 /* MaargMitra.app */;
			productType = "com.apple.product-type.application";
		};
/* End PBXNativeTarget section */

/* Begin PBXProject section */
		513EA5C32C012CC70071EBE7 /* Project object */ = {
			isa = PBXProject;
			attributes = {
				BuildIndependentTargetsInParallel = 1;
				LastSwiftUpdateCheck = 1530;
				LastUpgradeCheck = 1530;
				TargetAttributes = {
					513EA5CA2C012CC70071EBE7 = {
						CreatedOnToolsVersion = 15.3;
					};
				};
			};
			buildConfigurationList = 513EA5C62C012CC70071EBE7 /* Build configuration list for PBXProject "MaargMitra" */;
			compatibilityVersion = "Xcode 14.0";
			developmentRegion = en;
			hasScannedForEncodings = 0;
			knownRegions = (
				en,
				Base,
			);
			mainGroup = 513EA5C22C012CC70071EBE7;
			productRefGroup = 513EA5CC2C012CC70071EBE7 /* Products */;
			projectDirPath = "";
			projectRoot = "";
			targets = (
				513EA5CA2C012CC70071EBE7 /* MaargMitra */,
			);
		};
/* End PBXProject section */

/* Begin PBXResourcesBuildPhase section */
		513EA5C92C012CC70071EBE7 /* Resources */ = {
			isa = PBXResourcesBuildPhase;
			buildActionMask = 2147483647;
			files = (
				51EE2D5B2C02696F00836C24 /* Launch Screen.storyboard in Resources */,
				513EA5DD2C012E4A0071EBE7 /* Assets.xcassets in Resources */,
				513EA5D62C012CC80071EBE7 /* Preview Assets.xcassets in Resources */,
			);
			runOnlyForDeploymentPostprocessing = 0;
		};
/* End PBXResourcesBuildPhase section */

/* Begin PBXSourcesBuildPhase section */
		513EA5C72C012CC70071EBE7 /* Sources */ = {
			isa = PBXSourcesBuildPhase;
			buildActionMask = 2147483647;
			files = (
				513EA5E62C01316A0071EBE7 /* LocationsDataService.swift in Sources */,
				51EE2D562C024DB400836C24 /* LocationMapAnnotationView.swift in Sources */,
				513EA5EA2C0138080071EBE7 /* LocationsViewModel.swift in Sources */,
				51EE2D542C0205F800836C24 /* LocationPreviewView.swift in Sources */,
				513EA5D12C012CC70071EBE7 /* ContentView.swift in Sources */,
				513EA5E82C0132EB0071EBE7 /* LocationView.swift in Sources */,
				51EE2D522C01F68400836C24 /* LocationListView.swift in Sources */,
				513EA5E32C01300E0071EBE7 /* Location.swift in Sources */,
				51EE2D582C02537200836C24 /* LocationDetailView.swift in Sources */,
				513EA5CF2C012CC70071EBE7 /* MaargMitraApp.swift in Sources */,
			);
			runOnlyForDeploymentPostprocessing = 0;
		};
/* End PBXSourcesBuildPhase section */

/* Begin XCBuildConfiguration section */
		513EA5D72C012CC80071EBE7 /* Debug */ = {
			isa = XCBuildConfiguration;
			buildSettings = {
				ALWAYS_SEARCH_USER_PATHS = NO;
				ASSETCATALOG_COMPILER_GENERATE_SWIFT_ASSET_SYMBOL_EXTENSIONS = YES;
				CLANG_ANALYZER_NONNULL = YES;
				CLANG_ANALYZER_NUMBER_OBJECT_CONVERSION = YES_AGGRESSIVE;
				CLANG_CXX_LANGUAGE_STANDARD = "gnu++20";
				CLANG_ENABLE_MODULES = YES;
				CLANG_ENABLE_OBJC_ARC = YES;
				CLANG_ENABLE_OBJC_WEAK = YES;
				CLANG_WARN_BLOCK_CAPTURE_AUTORELEASING = YES;
				CLANG_WARN_BOOL_CONVERSION = YES;
				CLANG_WARN_COMMA = YES;
				CLANG_WARN_CONSTANT_CONVERSION = YES;
				CLANG_WARN_DEPRECATED_OBJC_IMPLEMENTATIONS = YES;
				CLANG_WARN_DIRECT_OBJC_ISA_USAGE = YES_ERROR;
				CLANG_WARN_DOCUMENTATION_COMMENTS = YES;
				CLANG_WARN_EMPTY_BODY = YES;
				CLANG_WARN_ENUM_CONVERSION = YES;
				CLANG_WARN_INFINITE_RECURSION = YES;
				CLANG_WARN_INT_CONVERSION = YES;
				CLANG_WARN_NON_LITERAL_NULL_CONVERSION = YES;
				CLANG_WARN_OBJC_IMPLICIT_RETAIN_SELF = YES;
				CLANG_WARN_OBJC_LITERAL_CONVERSION = YES;
				CLANG_WARN_OBJC_ROOT_CLASS = YES_ERROR;
				CLANG_WARN_QUOTED_INCLUDE_IN_FRAMEWORK_HEADER = YES;
				CLANG_WARN_RANGE_LOOP_ANALYSIS = YES;
				CLANG_WARN_STRICT_PROTOTYPES = YES;
				CLANG_WARN_SUSPICIOUS_MOVE = YES;
				CLANG_WARN_UNGUARDED_AVAILABILITY = YES_AGGRESSIVE;
				CLANG_WARN_UNREACHABLE_CODE = YES;
				CLANG_WARN__DUPLICATE_METHOD_MATCH = YES;
				COPY_PHASE_STRIP = NO;
				DEBUG_INFORMATION_FORMAT = dwarf;
				ENABLE_STRICT_OBJC_MSGSEND = YES;
				ENABLE_TESTABILITY = YES;
				ENABLE_USER_SCRIPT_SANDBOXING = YES;
				GCC_C_LANGUAGE_STANDARD = gnu17;
				GCC_DYNAMIC_NO_PIC = NO;
				GCC_NO_COMMON_BLOCKS = YES;
				GCC_OPTIMIZATION_LEVEL = 0;
				GCC_PREPROCESSOR_DEFINITIONS = (
					"DEBUG=1",
					"$(inherited)",
				);
				GCC_WARN_64_TO_32_BIT_CONVERSION = YES;
				GCC_WARN_ABOUT_RETURN_TYPE = YES_ERROR;
				GCC_WARN_UNDECLARED_SELECTOR = YES;
				GCC_WARN_UNINITIALIZED_AUTOS = YES_AGGRESSIVE;
				GCC_WARN_UNUSED_FUNCTION = YES;
				GCC_WARN_UNUSED_VARIABLE = YES;
				IPHONEOS_DEPLOYMENT_TARGET = 17.4;
				LOCALIZATION_PREFERS_STRING_CATALOGS = YES;
				MTL_ENABLE_DEBUG_INFO = INCLUDE_SOURCE;
				MTL_FAST_MATH = YES;
				ONLY_ACTIVE_ARCH = YES;
				SDKROOT = iphoneos;
				SWIFT_ACTIVE_COMPILATION_CONDITIONS = "DEBUG $(inherited)";
				SWIFT_OPTIMIZATION_LEVEL = "-Onone";
			};
			name = Debug;
		};
		513EA5D82C012CC80071EBE7 /* Release */ = {
			isa = XCBuildConfiguration;
			buildSettings = {
				ALWAYS_SEARCH_USER_PATHS = NO;
				ASSETCATALOG_COMPILER_GENERATE_SWIFT_ASSET_SYMBOL_EXTENSIONS = YES;
				CLANG_ANALYZER_NONNULL = YES;
				CLANG_ANALYZER_NUMBER_OBJECT_CONVERSION = YES_AGGRESSIVE;
				CLANG_CXX_LANGUAGE_STANDARD = "gnu++20";
				CLANG_ENABLE_MODULES = YES;
				CLANG_ENABLE_OBJC_ARC = YES;
				CLANG_ENABLE_OBJC_WEAK = YES;
				CLANG_WARN_BLOCK_CAPTURE_AUTORELEASING = YES;
				CLANG_WARN_BOOL_CONVERSION = YES;
				CLANG_WARN_COMMA = YES;
				CLANG_WARN_CONSTANT_CONVERSION = YES;
				CLANG_WARN_DEPRECATED_OBJC_IMPLEMENTATIONS = YES;
				CLANG_WARN_DIRECT_OBJC_ISA_USAGE = YES_ERROR;
				CLANG_WARN_DOCUMENTATION_COMMENTS = YES;
				CLANG_WARN_EMPTY_BODY = YES;
				CLANG_WARN_ENUM_CONVERSION = YES;
				CLANG_WARN_INFINITE_RECURSION = YES;
				CLANG_WARN_INT_CONVERSION = YES;
				CLANG_WARN_NON_LITERAL_NULL_CONVERSION = YES;
				CLANG_WARN_OBJC_IMPLICIT_RETAIN_SELF = YES;
				CLANG_WARN_OBJC_LITERAL_CONVERSION = YES;
				CLANG_WARN_OBJC_ROOT_CLASS = YES_ERROR;
				CLANG_WARN_QUOTED_INCLUDE_IN_FRAMEWORK_HEADER = YES;
				CLANG_WARN_RANGE_LOOP_ANALYSIS = YES;
				CLANG_WARN_STRICT_PROTOTYPES = YES;
				CLANG_WARN_SUSPICIOUS_MOVE = YES;
				CLANG_WARN_UNGUARDED_AVAILABILITY = YES_AGGRESSIVE;
				CLANG_WARN_UNREACHABLE_CODE = YES;
				CLANG_WARN__DUPLICATE_METHOD_MATCH = YES;
				COPY_PHASE_STRIP = NO;
				DEBUG_INFORMATION_FORMAT = "dwarf-with-dsym";
				ENABLE_NS_ASSERTIONS = NO;
				ENABLE_STRICT_OBJC_MSGSEND = YES;
				ENABLE_USER_SCRIPT_SANDBOXING = YES;
				GCC_C_LANGUAGE_STANDARD = gnu17;
				GCC_NO_COMMON_BLOCKS = YES;
				GCC_WARN_64_TO_32_BIT_CONVERSION = YES;
				GCC_WARN_ABOUT_RETURN_TYPE = YES_ERROR;
				GCC_WARN_UNDECLARED_SELECTOR = YES;
				GCC_WARN_UNINITIALIZED_AUTOS = YES_AGGRESSIVE;
				GCC_WARN_UNUSED_FUNCTION = YES;
				GCC_WARN_UNUSED_VARIABLE = YES;
				IPHONEOS_DEPLOYMENT_TARGET = 17.4;
				LOCALIZATION_PREFERS_STRING_CATALOGS = YES;
				MTL_ENABLE_DEBUG_INFO = NO;
				MTL_FAST_MATH = YES;
				SDKROOT = iphoneos;
				SWIFT_COMPILATION_MODE = wholemodule;
				VALIDATE_PRODUCT = YES;
			};
			name = Release;
		};
		513EA5DA2C012CC80071EBE7 /* Debug */ = {
			isa = XCBuildConfiguration;
			buildSettings = {
				ASSETCATALOG_COMPILER_APPICON_NAME = AppIcon;
				ASSETCATALOG_COMPILER_GLOBAL_ACCENT_COLOR_NAME = AccentColor;
				CODE_SIGN_STYLE = Automatic;
				CURRENT_PROJECT_VERSION = 1;
				DEVELOPMENT_ASSET_PATHS = "\"MaargMitra/Preview Content\"";
				DEVELOPMENT_TEAM = 246JPY34SF;
				ENABLE_PREVIEWS = YES;
				GENERATE_INFOPLIST_FILE = YES;
				INFOPLIST_FILE = MaargMitra/Info.plist;
				INFOPLIST_KEY_UIApplicationSceneManifest_Generation = YES;
				INFOPLIST_KEY_UIApplicationSupportsIndirectInputEvents = YES;
				INFOPLIST_KEY_UILaunchScreen_Generation = YES;
				INFOPLIST_KEY_UILaunchStoryboardName = "Launch Screen.storyboard";
				INFOPLIST_KEY_UIStatusBarStyle = "";
				INFOPLIST_KEY_UISupportedInterfaceOrientations = UIInterfaceOrientationPortrait;
				INFOPLIST_KEY_UISupportedInterfaceOrientations_iPad = "UIInterfaceOrientationLandscapeLeft UIInterfaceOrientationLandscapeRight UIInterfaceOrientationPortrait UIInterfaceOrientationPortraitUpsideDown";
				INFOPLIST_KEY_UISupportedInterfaceOrientations_iPhone = UIInterfaceOrientationPortrait;
				LD_RUNPATH_SEARCH_PATHS = (
					"$(inherited)",
					"@executable_path/Frameworks",
				);
				MARKETING_VERSION = 1.0;
				PRODUCT_BUNDLE_IDENTIFIER = com.amaank8797.MaargMitra;
				PRODUCT_NAME = "$(TARGET_NAME)";
				SWIFT_EMIT_LOC_STRINGS = YES;
				SWIFT_VERSION = 5.0;
				TARGETED_DEVICE_FAMILY = "1,2";
			};
			name = Debug;
		};
		513EA5DB2C012CC80071EBE7 /* Release */ = {
			isa = XCBuildConfiguration;
			buildSettings = {
				ASSETCATALOG_COMPILER_APPICON_NAME = AppIcon;
				ASSETCATALOG_COMPILER_GLOBAL_ACCENT_COLOR_NAME = AccentColor;
				CODE_SIGN_STYLE = Automatic;
				CURRENT_PROJECT_VERSION = 1;
				DEVELOPMENT_ASSET_PATHS = "\"MaargMitra/Preview Content\"";
				DEVELOPMENT_TEAM = 246JPY34SF;
				ENABLE_PREVIEWS = YES;
				GENERATE_INFOPLIST_FILE = YES;
				INFOPLIST_FILE = MaargMitra/Info.plist;
				INFOPLIST_KEY_UIApplicationSceneManifest_Generation = YES;
				INFOPLIST_KEY_UIApplicationSupportsIndirectInputEvents = YES;
				INFOPLIST_KEY_UILaunchScreen_Generation = YES;
				INFOPLIST_KEY_UILaunchStoryboardName = "Launch Screen.storyboard";
				INFOPLIST_KEY_UIStatusBarStyle = "";
				INFOPLIST_KEY_UISupportedInterfaceOrientations = UIInterfaceOrientationPortrait;
				INFOPLIST_KEY_UISupportedInterfaceOrientations_iPad = "UIInterfaceOrientationLandscapeLeft UIInterfaceOrientationLandscapeRight UIInterfaceOrientationPortrait UIInterfaceOrientationPortraitUpsideDown";
				INFOPLIST_KEY_UISupportedInterfaceOrientations_iPhone = UIInterfaceOrientationPortrait;
				LD_RUNPATH_SEARCH_PATHS = (
					"$(inherited)",
					"@executable_path/Frameworks",
				);
				MARKETING_VERSION = 1.0;
				PRODUCT_BUNDLE_IDENTIFIER = com.amaank8797.MaargMitra;
				PRODUCT_NAME = "$(TARGET_NAME)";
				SWIFT_EMIT_LOC_STRINGS = YES;
				SWIFT_VERSION = 5.0;
				TARGETED_DEVICE_FAMILY = "1,2";
			};
			name = Release;
		};
/* End XCBuildConfiguration section */

/* Begin XCConfigurationList section */
		513EA5C62C012CC70071EBE7 /* Build configuration list for PBXProject "MaargMitra" */ = {
			isa = XCConfigurationList;
			buildConfigurations = (
				513EA5D72C012CC80071EBE7 /* Debug */,
				513EA5D82C012CC80071EBE7 /* Release */,
			);
			defaultConfigurationIsVisible = 0;
			defaultConfigurationName = Release;
		};
		513EA5D92C012CC80071EBE7 /* Build configuration list for PBXNativeTarget "MaargMitra" */ = {
			isa = XCConfigurationList;
			buildConfigurations = (
				513EA5DA2C012CC80071EBE7 /* Debug */,
				513EA5DB2C012CC80071EBE7 /* Release */,
			);
			defaultConfigurationIsVisible = 0;
			defaultConfigurationName = Release;
		};
/* End XCConfigurationList section */
	};
	rootObject = 513EA5C32C012CC70071EBE7 /* Project object */;
}
